// !$*UTF8*$!
{
	archiveVersion = 1;
	classes = {
	};
	objectVersion = 46;
	objects = {

/* Begin PBXBuildFile section */
		84062F1817BEB2FB006D70FF /* descriptionView.m in Sources */ = {isa = PBXBuildFile; fileRef = 84062F1617BEB2FB006D70FF /* descriptionView.m */; };
		84062F1917BEB2FB006D70FF /* descriptionView.xib in Resources */ = {isa = PBXBuildFile; fileRef = 84062F1717BEB2FB006D70FF /* descriptionView.xib */; };
		84062F1C17BEB4B7006D70FF /* RMEIdeasPullDownControl.m in Sources */ = {isa = PBXBuildFile; fileRef = 84062F1B17BEB4B7006D70FF /* RMEIdeasPullDownControl.m */; };
		840CB64917BBF87000B801D9 /* Facebook.m in Sources */ = {isa = PBXBuildFile; fileRef = 840CB64717BBF86F00B801D9 /* Facebook.m */; };
		840CB64A17BBF87000B801D9 /* Facebook.xib in Resources */ = {isa = PBXBuildFile; fileRef = 840CB64817BBF87000B801D9 /* Facebook.xib */; };
		840CB64E17BBF8D300B801D9 /* twitter.m in Sources */ = {isa = PBXBuildFile; fileRef = 840CB64C17BBF8D300B801D9 /* twitter.m */; };
		840CB64F17BBF8D300B801D9 /* twitter.xib in Resources */ = {isa = PBXBuildFile; fileRef = 840CB64D17BBF8D300B801D9 /* twitter.xib */; };
		840CB65117BBF8EB00B801D9 /* Social.framework in Frameworks */ = {isa = PBXBuildFile; fileRef = 840CB65017BBF8EB00B801D9 /* Social.framework */; };
		840CB65317BBF90F00B801D9 /* UIKit.framework in Frameworks */ = {isa = PBXBuildFile; fileRef = 840CB65217BBF90F00B801D9 /* UIKit.framework */; };
		840CB65517BBF92100B801D9 /* CoreGraphics.framework in Frameworks */ = {isa = PBXBuildFile; fileRef = 840CB65417BBF92100B801D9 /* CoreGraphics.framework */; };
		840CB65717BBF92C00B801D9 /* Foundation.framework in Frameworks */ = {isa = PBXBuildFile; fileRef = 840CB65617BBF92C00B801D9 /* Foundation.framework */; };
		840CB65917BBF9AA00B801D9 /* Accounts.framework in Frameworks */ = {isa = PBXBuildFile; fileRef = 840CB65817BBF9AA00B801D9 /* Accounts.framework */; };
		840CB65F17BC12E400B801D9 /* libTestFlight.a in Frameworks */ = {isa = PBXBuildFile; fileRef = 840CB65D17BC12E400B801D9 /* libTestFlight.a */; };
		840CB66117BC14AB00B801D9 /* libz.1.1.3.dylib in Frameworks */ = {isa = PBXBuildFile; fileRef = 840CB66017BC14AB00B801D9 /* libz.1.1.3.dylib */; };
		840CB66417BC167C00B801D9 /* Default@2x.png in Resources */ = {isa = PBXBuildFile; fileRef = 840CB66217BC167C00B801D9 /* Default@2x.png */; };
		840CB66517BC167C00B801D9 /* jIcon.png in Resources */ = {isa = PBXBuildFile; fileRef = 840CB66317BC167C00B801D9 /* jIcon.png */; };
		840E702217BAFC8200929132 /* BIT_Top_Banner.png in Resources */ = {isa = PBXBuildFile; fileRef = 840E700617BAFC8200929132 /* BIT_Top_Banner.png */; };
		840E702317BAFC8200929132 /* BIT_Top_Banner@2x.png in Resources */ = {isa = PBXBuildFile; fileRef = 840E700717BAFC8200929132 /* BIT_Top_Banner@2x.png */; };
		840E702417BAFC8200929132 /* HighLow.png in Resources */ = {isa = PBXBuildFile; fileRef = 840E700817BAFC8200929132 /* HighLow.png */; };
		840E702517BAFC8200929132 /* HighLow@2x.png in Resources */ = {isa = PBXBuildFile; fileRef = 840E700917BAFC8200929132 /* HighLow@2x.png */; };
		840E702617BAFC8200929132 /* HighLowSelected.png in Resources */ = {isa = PBXBuildFile; fileRef = 840E700A17BAFC8200929132 /* HighLowSelected.png */; };
		840E702717BAFC8200929132 /* HighLowSelected@2x.png in Resources */ = {isa = PBXBuildFile; fileRef = 840E700B17BAFC8200929132 /* HighLowSelected@2x.png */; };
		840E702817BAFC8200929132 /* LowHigh@2x.png in Resources */ = {isa = PBXBuildFile; fileRef = 840E700C17BAFC8200929132 /* LowHigh@2x.png */; };
		840E702917BAFC8200929132 /* LowHighSelected.png in Resources */ = {isa = PBXBuildFile; fileRef = 840E700D17BAFC8200929132 /* LowHighSelected.png */; };
		840E702A17BAFC8200929132 /* LowHighSelected@2x.png in Resources */ = {isa = PBXBuildFile; fileRef = 840E700E17BAFC8200929132 /* LowHighSelected@2x.png */; };
		840E702B17BAFC8200929132 /* LowHigh.png in Resources */ = {isa = PBXBuildFile; fileRef = 840E700F17BAFC8200929132 /* LowHigh.png */; };
		840E702C17BAFC8200929132 /* NewOld.png in Resources */ = {isa = PBXBuildFile; fileRef = 840E701017BAFC8200929132 /* NewOld.png */; };
		840E702D17BAFC8200929132 /* NewOld@2x.png in Resources */ = {isa = PBXBuildFile; fileRef = 840E701117BAFC8200929132 /* NewOld@2x.png */; };
		840E702E17BAFC8200929132 /* NewOldSelected.png in Resources */ = {isa = PBXBuildFile; fileRef = 840E701217BAFC8200929132 /* NewOldSelected.png */; };
		840E702F17BAFC8200929132 /* NewOldSelected@2x.png in Resources */ = {isa = PBXBuildFile; fileRef = 840E701317BAFC8200929132 /* NewOldSelected@2x.png */; };
		840E703017BAFC8200929132 /* OldNew.png in Resources */ = {isa = PBXBuildFile; fileRef = 840E701417BAFC8200929132 /* OldNew.png */; };
		840E703117BAFC8200929132 /* OldNew@2x.png in Resources */ = {isa = PBXBuildFile; fileRef = 840E701517BAFC8200929132 /* OldNew@2x.png */; };
		840E703217BAFC8200929132 /* OldNewSelected.png in Resources */ = {isa = PBXBuildFile; fileRef = 840E701617BAFC8200929132 /* OldNewSelected.png */; };
		840E703317BAFC8200929132 /* OldNewSelected@2x.png in Resources */ = {isa = PBXBuildFile; fileRef = 840E701717BAFC8200929132 /* OldNewSelected@2x.png */; };
		840E703417BAFC8200929132 /* SortAZ.png in Resources */ = {isa = PBXBuildFile; fileRef = 840E701817BAFC8200929132 /* SortAZ.png */; };
		840E703517BAFC8200929132 /* SortAZ@2x.png in Resources */ = {isa = PBXBuildFile; fileRef = 840E701917BAFC8200929132 /* SortAZ@2x.png */; };
		840E703617BAFC8200929132 /* SortAZSelected.png in Resources */ = {isa = PBXBuildFile; fileRef = 840E701A17BAFC8200929132 /* SortAZSelected.png */; };
		840E703717BAFC8200929132 /* SortAZSelected@2x.png in Resources */ = {isa = PBXBuildFile; fileRef = 840E701B17BAFC8200929132 /* SortAZSelected@2x.png */; };
		840E703817BAFC8200929132 /* SortZA.png in Resources */ = {isa = PBXBuildFile; fileRef = 840E701C17BAFC8200929132 /* SortZA.png */; };
		840E703917BAFC8200929132 /* SortZA@2x.png in Resources */ = {isa = PBXBuildFile; fileRef = 840E701D17BAFC8200929132 /* SortZA@2x.png */; };
		840E703A17BAFC8200929132 /* SortZASelected.png in Resources */ = {isa = PBXBuildFile; fileRef = 840E701E17BAFC8200929132 /* SortZASelected.png */; };
		840E703B17BAFC8200929132 /* SortZASelected@2x.png in Resources */ = {isa = PBXBuildFile; fileRef = 840E701F17BAFC8200929132 /* SortZASelected@2x.png */; };
		840E703C17BAFC8200929132 /* CellDivider.png in Resources */ = {isa = PBXBuildFile; fileRef = 840E702017BAFC8200929132 /* CellDivider.png */; };
		840E703D17BAFC8200929132 /* CellDivider@2x.png in Resources */ = {isa = PBXBuildFile; fileRef = 840E702117BAFC8200929132 /* CellDivider@2x.png */; };
		84D609FA17B6F6E4006F28AD /* InfoPlist.strings in Resources */ = {isa = PBXBuildFile; fileRef = 84D609F817B6F6E4006F28AD /* InfoPlist.strings */; };
		84D609FC17B6F6E4006F28AD /* main.m in Sources */ = {isa = PBXBuildFile; fileRef = 84D609FB17B6F6E4006F28AD /* main.m */; };
		84D60A0017B6F6E4006F28AD /* AppDelegate.m in Sources */ = {isa = PBXBuildFile; fileRef = 84D609FF17B6F6E4006F28AD /* AppDelegate.m */; };
		84D60A0217B6F6E4006F28AD /* Default.png in Resources */ = {isa = PBXBuildFile; fileRef = 84D60A0117B6F6E4006F28AD /* Default.png */; };
		84D60A0417B6F6E4006F28AD /* Default@2x.png in Resources */ = {isa = PBXBuildFile; fileRef = 84D60A0317B6F6E4006F28AD /* Default@2x.png */; };
		84D60A0617B6F6E4006F28AD /* Default-568h@2x.png in Resources */ = {isa = PBXBuildFile; fileRef = 84D60A0517B6F6E4006F28AD /* Default-568h@2x.png */; };
		84D60A2F17B6F73A006F28AD /* RootViewController.m in Sources */ = {isa = PBXBuildFile; fileRef = 84D60A1417B6F73A006F28AD /* RootViewController.m */; };
		84D60A3017B6F73A006F28AD /* SideSwipeTableViewAppDelegate.m in Sources */ = {isa = PBXBuildFile; fileRef = 84D60A1617B6F73A006F28AD /* SideSwipeTableViewAppDelegate.m */; };
		84D60A3117B6F73A006F28AD /* SideSwipeTableViewCell.m in Sources */ = {isa = PBXBuildFile; fileRef = 84D60A1817B6F73A006F28AD /* SideSwipeTableViewCell.m */; };
		84D60A3217B6F73A006F28AD /* SideSwipeTableViewController.m in Sources */ = {isa = PBXBuildFile; fileRef = 84D60A1A17B6F73A006F28AD /* SideSwipeTableViewController.m */; };
		84D60A3317B6F73A006F28AD /* action.png in Resources */ = {isa = PBXBuildFile; fileRef = 84D60A1C17B6F73A006F28AD /* action.png */; };
		84D60A3417B6F73A006F28AD /* action@2x.png in Resources */ = {isa = PBXBuildFile; fileRef = 84D60A1D17B6F73A006F28AD /* action@2x.png */; };
		84D60A3517B6F73A006F28AD /* cellbg.jpg in Resources */ = {isa = PBXBuildFile; fileRef = 84D60A1E17B6F73A006F28AD /* cellbg.jpg */; };
		84D60A3617B6F73A006F28AD /* d2.jpg in Resources */ = {isa = PBXBuildFile; fileRef = 84D60A1F17B6F73A006F28AD /* d2.jpg */; };
		84D60A3717B6F73A006F28AD /* dotted-pattern.png in Resources */ = {isa = PBXBuildFile; fileRef = 84D60A2017B6F73A006F28AD /* dotted-pattern.png */; };
		84D60A3817B6F73A006F28AD /* dotted-pattern@2x.png in Resources */ = {isa = PBXBuildFile; fileRef = 84D60A2117B6F73A006F28AD /* dotted-pattern@2x.png */; };
		84D60A3917B6F73A006F28AD /* inner-shadow.png in Resources */ = {isa = PBXBuildFile; fileRef = 84D60A2217B6F73A006F28AD /* inner-shadow.png */; };
		84D60A3A17B6F73A006F28AD /* paperclip.png in Resources */ = {isa = PBXBuildFile; fileRef = 84D60A2317B6F73A006F28AD /* paperclip.png */; };
		84D60A3B17B6F73A006F28AD /* paperclip@2x.png in Resources */ = {isa = PBXBuildFile; fileRef = 84D60A2417B6F73A006F28AD /* paperclip@2x.png */; };
		84D60A3C17B6F73A006F28AD /* person.png in Resources */ = {isa = PBXBuildFile; fileRef = 84D60A2517B6F73A006F28AD /* person.png */; };
		84D60A3D17B6F73A006F28AD /* person@2x.png in Resources */ = {isa = PBXBuildFile; fileRef = 84D60A2617B6F73A006F28AD /* person@2x.png */; };
		84D60A3E17B6F73A006F28AD /* reply.png in Resources */ = {isa = PBXBuildFile; fileRef = 84D60A2717B6F73A006F28AD /* reply.png */; };
		84D60A3F17B6F73A006F28AD /* reply@2x.png in Resources */ = {isa = PBXBuildFile; fileRef = 84D60A2817B6F73A006F28AD /* reply@2x.png */; };
		84D60A4017B6F73A006F28AD /* retweet-outline-button-item.png in Resources */ = {isa = PBXBuildFile; fileRef = 84D60A2917B6F73A006F28AD /* retweet-outline-button-item.png */; };
		84D60A4117B6F73A006F28AD /* retweet-outline-button-item@2x.png in Resources */ = {isa = PBXBuildFile; fileRef = 84D60A2A17B6F73A006F28AD /* retweet-outline-button-item@2x.png */; };
		84D60A4217B6F73A006F28AD /* star-hollow.png in Resources */ = {isa = PBXBuildFile; fileRef = 84D60A2B17B6F73A006F28AD /* star-hollow.png */; };
		84D60A4317B6F73A006F28AD /* star-hollow@2x.png in Resources */ = {isa = PBXBuildFile; fileRef = 84D60A2C17B6F73A006F28AD /* star-hollow@2x.png */; };
		84D60A4417B6F73A006F28AD /* MainWindow.xib in Resources */ = {isa = PBXBuildFile; fileRef = 84D60A2D17B6F73A006F28AD /* MainWindow.xib */; };
		84D60A4517B6F73A006F28AD /* RootViewController.xib in Resources */ = {isa = PBXBuildFile; fileRef = 84D60A2E17B6F73A006F28AD /* RootViewController.xib */; };
		84D60A4717B6FFA3006F28AD /* cellbg1.png in Resources */ = {isa = PBXBuildFile; fileRef = 84D60A4617B6FFA3006F28AD /* cellbg1.png */; };
		CECB9A0217BD5D0C00DC0FE1 /* Default@2x-568h@2x.png in Resources */ = {isa = PBXBuildFile; fileRef = CECB9A0117BD5D0C00DC0FE1 /* Default@2x-568h@2x.png */; };
/* End PBXBuildFile section */

/* Begin PBXFileReference section */
		84062F1517BEB2FB006D70FF /* descriptionView.h */ = {isa = PBXFileReference; fileEncoding = 4; lastKnownFileType = sourcecode.c.h; path = descriptionView.h; sourceTree = "<group>"; };
		84062F1617BEB2FB006D70FF /* descriptionView.m */ = {isa = PBXFileReference; fileEncoding = 4; lastKnownFileType = sourcecode.c.objc; path = descriptionView.m; sourceTree = "<group>"; };
		84062F1717BEB2FB006D70FF /* descriptionView.xib */ = {isa = PBXFileReference; fileEncoding = 4; lastKnownFileType = file.xib; path = descriptionView.xib; sourceTree = "<group>"; };
		84062F1A17BEB4B7006D70FF /* RMEIdeasPullDownControl.h */ = {isa = PBXFileReference; fileEncoding = 4; lastKnownFileType = sourcecode.c.h; path = RMEIdeasPullDownControl.h; sourceTree = "<group>"; };
		84062F1B17BEB4B7006D70FF /* RMEIdeasPullDownControl.m */ = {isa = PBXFileReference; fileEncoding = 4; lastKnownFileType = sourcecode.c.objc; path = RMEIdeasPullDownControl.m; sourceTree = "<group>"; };
		840CB64617BBF86F00B801D9 /* Facebook.h */ = {isa = PBXFileReference; fileEncoding = 4; lastKnownFileType = sourcecode.c.h; name = Facebook.h; path = ../../Facebook.h; sourceTree = "<group>"; };
		840CB64717BBF86F00B801D9 /* Facebook.m */ = {isa = PBXFileReference; fileEncoding = 4; lastKnownFileType = sourcecode.c.objc; name = Facebook.m; path = ../../Facebook.m; sourceTree = "<group>"; };
		840CB64817BBF87000B801D9 /* Facebook.xib */ = {isa = PBXFileReference; fileEncoding = 4; lastKnownFileType = file.xib; name = Facebook.xib; path = ../../Facebook.xib; sourceTree = "<group>"; };
		840CB64B17BBF8D300B801D9 /* twitter.h */ = {isa = PBXFileReference; fileEncoding = 4; lastKnownFileType = sourcecode.c.h; name = twitter.h; path = ../../twitter.h; sourceTree = "<group>"; };
		840CB64C17BBF8D300B801D9 /* twitter.m */ = {isa = PBXFileReference; fileEncoding = 4; lastKnownFileType = sourcecode.c.objc; name = twitter.m; path = ../../twitter.m; sourceTree = "<group>"; };
		840CB64D17BBF8D300B801D9 /* twitter.xib */ = {isa = PBXFileReference; fileEncoding = 4; lastKnownFileType = file.xib; name = twitter.xib; path = ../../twitter.xib; sourceTree = "<group>"; };
		840CB65017BBF8EB00B801D9 /* Social.framework */ = {isa = PBXFileReference; lastKnownFileType = wrapper.framework; name = Social.framework; path = System/Library/Frameworks/Social.framework; sourceTree = SDKROOT; };
		840CB65217BBF90F00B801D9 /* UIKit.framework */ = {isa = PBXFileReference; lastKnownFileType = wrapper.framework; name = UIKit.framework; path = System/Library/Frameworks/UIKit.framework; sourceTree = SDKROOT; };
		840CB65417BBF92100B801D9 /* CoreGraphics.framework */ = {isa = PBXFileReference; lastKnownFileType = wrapper.framework; name = CoreGraphics.framework; path = System/Library/Frameworks/CoreGraphics.framework; sourceTree = SDKROOT; };
		840CB65617BBF92C00B801D9 /* Foundation.framework */ = {isa = PBXFileReference; lastKnownFileType = wrapper.framework; name = Foundation.framework; path = System/Library/Frameworks/Foundation.framework; sourceTree = SDKROOT; };
		840CB65817BBF9AA00B801D9 /* Accounts.framework */ = {isa = PBXFileReference; lastKnownFileType = wrapper.framework; name = Accounts.framework; path = System/Library/Frameworks/Accounts.framework; sourceTree = SDKROOT; };
		840CB65D17BC12E400B801D9 /* libTestFlight.a */ = {isa = PBXFileReference; lastKnownFileType = archive.ar; path = libTestFlight.a; sourceTree = "<group>"; };
		840CB65E17BC12E400B801D9 /* TestFlight.h */ = {isa = PBXFileReference; fileEncoding = 4; lastKnownFileType = sourcecode.c.h; path = TestFlight.h; sourceTree = "<group>"; };
		840CB66017BC14AB00B801D9 /* libz.1.1.3.dylib */ = {isa = PBXFileReference; lastKnownFileType = "compiled.mach-o.dylib"; name = libz.1.1.3.dylib; path = usr/lib/libz.1.1.3.dylib; sourceTree = SDKROOT; };
		840CB66217BC167C00B801D9 /* Default@2x.png */ = {isa = PBXFileReference; lastKnownFileType = image.png; name = "Default@2x.png"; path = "../../Default@2x.png"; sourceTree = "<group>"; };
		840CB66317BC167C00B801D9 /* jIcon.png */ = {isa = PBXFileReference; lastKnownFileType = image.png; name = jIcon.png; path = ../../jIcon.png; sourceTree = "<group>"; };
		840E700617BAFC8200929132 /* BIT_Top_Banner.png */ = {isa = PBXFileReference; lastKnownFileType = image.png; path = BIT_Top_Banner.png; sourceTree = "<group>"; };
		840E700717BAFC8200929132 /* BIT_Top_Banner@2x.png */ = {isa = PBXFileReference; lastKnownFileType = image.png; path = "BIT_Top_Banner@2x.png"; sourceTree = "<group>"; };
		840E700817BAFC8200929132 /* HighLow.png */ = {isa = PBXFileReference; lastKnownFileType = image.png; path = HighLow.png; sourceTree = "<group>"; };
		840E700917BAFC8200929132 /* HighLow@2x.png */ = {isa = PBXFileReference; lastKnownFileType = image.png; path = "HighLow@2x.png"; sourceTree = "<group>"; };
		840E700A17BAFC8200929132 /* HighLowSelected.png */ = {isa = PBXFileReference; lastKnownFileType = image.png; path = HighLowSelected.png; sourceTree = "<group>"; };
		840E700B17BAFC8200929132 /* HighLowSelected@2x.png */ = {isa = PBXFileReference; lastKnownFileType = image.png; path = "HighLowSelected@2x.png"; sourceTree = "<group>"; };
		840E700C17BAFC8200929132 /* LowHigh@2x.png */ = {isa = PBXFileReference; lastKnownFileType = image.png; path = "LowHigh@2x.png"; sourceTree = "<group>"; };
		840E700D17BAFC8200929132 /* LowHighSelected.png */ = {isa = PBXFileReference; lastKnownFileType = image.png; path = LowHighSelected.png; sourceTree = "<group>"; };
		840E700E17BAFC8200929132 /* LowHighSelected@2x.png */ = {isa = PBXFileReference; lastKnownFileType = image.png; path = "LowHighSelected@2x.png"; sourceTree = "<group>"; };
		840E700F17BAFC8200929132 /* LowHigh.png */ = {isa = PBXFileReference; lastKnownFileType = image.png; path = LowHigh.png; sourceTree = "<group>"; };
		840E701017BAFC8200929132 /* NewOld.png */ = {isa = PBXFileReference; lastKnownFileType = image.png; path = NewOld.png; sourceTree = "<group>"; };
		840E701117BAFC8200929132 /* NewOld@2x.png */ = {isa = PBXFileReference; lastKnownFileType = image.png; path = "NewOld@2x.png"; sourceTree = "<group>"; };
		840E701217BAFC8200929132 /* NewOldSelected.png */ = {isa = PBXFileReference; lastKnownFileType = image.png; path = NewOldSelected.png; sourceTree = "<group>"; };
		840E701317BAFC8200929132 /* NewOldSelected@2x.png */ = {isa = PBXFileReference; lastKnownFileType = image.png; path = "NewOldSelected@2x.png"; sourceTree = "<group>"; };
		840E701417BAFC8200929132 /* OldNew.png */ = {isa = PBXFileReference; lastKnownFileType = image.png; path = OldNew.png; sourceTree = "<group>"; };
		840E701517BAFC8200929132 /* OldNew@2x.png */ = {isa = PBXFileReference; lastKnownFileType = image.png; path = "OldNew@2x.png"; sourceTree = "<group>"; };
		840E701617BAFC8200929132 /* OldNewSelected.png */ = {isa = PBXFileReference; lastKnownFileType = image.png; path = OldNewSelected.png; sourceTree = "<group>"; };
		840E701717BAFC8200929132 /* OldNewSelected@2x.png */ = {isa = PBXFileReference; lastKnownFileType = image.png; path = "OldNewSelected@2x.png"; sourceTree = "<group>"; };
		840E701817BAFC8200929132 /* SortAZ.png */ = {isa = PBXFileReference; lastKnownFileType = image.png; path = SortAZ.png; sourceTree = "<group>"; };
		840E701917BAFC8200929132 /* SortAZ@2x.png */ = {isa = PBXFileReference; lastKnownFileType = image.png; path = "SortAZ@2x.png"; sourceTree = "<group>"; };
		840E701A17BAFC8200929132 /* SortAZSelected.png */ = {isa = PBXFileReference; lastKnownFileType = image.png; path = SortAZSelected.png; sourceTree = "<group>"; };
		840E701B17BAFC8200929132 /* SortAZSelected@2x.png */ = {isa = PBXFileReference; lastKnownFileType = image.png; path = "SortAZSelected@2x.png"; sourceTree = "<group>"; };
		840E701C17BAFC8200929132 /* SortZA.png */ = {isa = PBXFileReference; lastKnownFileType = image.png; path = SortZA.png; sourceTree = "<group>"; };
		840E701D17BAFC8200929132 /* SortZA@2x.png */ = {isa = PBXFileReference; lastKnownFileType = image.png; path = "SortZA@2x.png"; sourceTree = "<group>"; };
		840E701E17BAFC8200929132 /* SortZASelected.png */ = {isa = PBXFileReference; lastKnownFileType = image.png; path = SortZASelected.png; sourceTree = "<group>"; };
		840E701F17BAFC8200929132 /* SortZASelected@2x.png */ = {isa = PBXFileReference; lastKnownFileType = image.png; path = "SortZASelected@2x.png"; sourceTree = "<group>"; };
		840E702017BAFC8200929132 /* CellDivider.png */ = {isa = PBXFileReference; lastKnownFileType = image.png; path = CellDivider.png; sourceTree = "<group>"; };
		840E702117BAFC8200929132 /* CellDivider@2x.png */ = {isa = PBXFileReference; lastKnownFileType = image.png; path = "CellDivider@2x.png"; sourceTree = "<group>"; };
		84D609EC17B6F6E4006F28AD /* Jibenet.app */ = {isa = PBXFileReference; explicitFileType = wrapper.application; includeInIndex = 0; path = Jibenet.app; sourceTree = BUILT_PRODUCTS_DIR; };
		84D609F717B6F6E4006F28AD /* Jibenet-Info.plist */ = {isa = PBXFileReference; lastKnownFileType = text.plist.xml; path = "Jibenet-Info.plist"; sourceTree = "<group>"; };
		84D609F917B6F6E4006F28AD /* en */ = {isa = PBXFileReference; lastKnownFileType = text.plist.strings; name = en; path = en.lproj/InfoPlist.strings; sourceTree = "<group>"; };
		84D609FB17B6F6E4006F28AD /* main.m */ = {isa = PBXFileReference; lastKnownFileType = sourcecode.c.objc; path = main.m; sourceTree = "<group>"; };
		84D609FD17B6F6E4006F28AD /* Jibenet-Prefix.pch */ = {isa = PBXFileReference; lastKnownFileType = sourcecode.c.h; path = "Jibenet-Prefix.pch"; sourceTree = "<group>"; };
		84D609FE17B6F6E4006F28AD /* AppDelegate.h */ = {isa = PBXFileReference; lastKnownFileType = sourcecode.c.h; name = AppDelegate.h; path = ../AppDelegate.h; sourceTree = "<group>"; };
		84D609FF17B6F6E4006F28AD /* AppDelegate.m */ = {isa = PBXFileReference; lastKnownFileType = sourcecode.c.objc; name = AppDelegate.m; path = ../AppDelegate.m; sourceTree = "<group>"; };
		84D60A0117B6F6E4006F28AD /* Default.png */ = {isa = PBXFileReference; lastKnownFileType = image.png; path = Default.png; sourceTree = "<group>"; };
		84D60A0317B6F6E4006F28AD /* Default@2x.png */ = {isa = PBXFileReference; lastKnownFileType = image.png; path = "Default@2x.png"; sourceTree = "<group>"; };
		84D60A0517B6F6E4006F28AD /* Default-568h@2x.png */ = {isa = PBXFileReference; lastKnownFileType = image.png; path = "Default-568h@2x.png"; sourceTree = "<group>"; };
		84D60A1317B6F73A006F28AD /* RootViewController.h */ = {isa = PBXFileReference; fileEncoding = 4; lastKnownFileType = sourcecode.c.h; path = RootViewController.h; sourceTree = "<group>"; };
		84D60A1417B6F73A006F28AD /* RootViewController.m */ = {isa = PBXFileReference; fileEncoding = 4; lastKnownFileType = sourcecode.c.objc; path = RootViewController.m; sourceTree = "<group>"; };
		84D60A1517B6F73A006F28AD /* SideSwipeTableViewAppDelegate.h */ = {isa = PBXFileReference; fileEncoding = 4; lastKnownFileType = sourcecode.c.h; path = SideSwipeTableViewAppDelegate.h; sourceTree = "<group>"; };
		84D60A1617B6F73A006F28AD /* SideSwipeTableViewAppDelegate.m */ = {isa = PBXFileReference; fileEncoding = 4; lastKnownFileType = sourcecode.c.objc; path = SideSwipeTableViewAppDelegate.m; sourceTree = "<group>"; };
		84D60A1717B6F73A006F28AD /* SideSwipeTableViewCell.h */ = {isa = PBXFileReference; fileEncoding = 4; lastKnownFileType = sourcecode.c.h; path = SideSwipeTableViewCell.h; sourceTree = "<group>"; };
		84D60A1817B6F73A006F28AD /* SideSwipeTableViewCell.m */ = {isa = PBXFileReference; fileEncoding = 4; lastKnownFileType = sourcecode.c.objc; path = SideSwipeTableViewCell.m; sourceTree = "<group>"; };
		84D60A1917B6F73A006F28AD /* SideSwipeTableViewController.h */ = {isa = PBXFileReference; fileEncoding = 4; lastKnownFileType = sourcecode.c.h; path = SideSwipeTableViewController.h; sourceTree = "<group>"; };
		84D60A1A17B6F73A006F28AD /* SideSwipeTableViewController.m */ = {isa = PBXFileReference; fileEncoding = 4; lastKnownFileType = sourcecode.c.objc; path = SideSwipeTableViewController.m; sourceTree = "<group>"; };
		84D60A1C17B6F73A006F28AD /* action.png */ = {isa = PBXFileReference; lastKnownFileType = image.png; path = action.png; sourceTree = "<group>"; };
		84D60A1D17B6F73A006F28AD /* action@2x.png */ = {isa = PBXFileReference; lastKnownFileType = image.png; path = "action@2x.png"; sourceTree = "<group>"; };
		84D60A1E17B6F73A006F28AD /* cellbg.jpg */ = {isa = PBXFileReference; lastKnownFileType = image.jpeg; path = cellbg.jpg; sourceTree = "<group>"; };
		84D60A1F17B6F73A006F28AD /* d2.jpg */ = {isa = PBXFileReference; lastKnownFileType = image.jpeg; path = d2.jpg; sourceTree = "<group>"; };
		84D60A2017B6F73A006F28AD /* dotted-pattern.png */ = {isa = PBXFileReference; lastKnownFileType = image.png; path = "dotted-pattern.png"; sourceTree = "<group>"; };
		84D60A2117B6F73A006F28AD /* dotted-pattern@2x.png */ = {isa = PBXFileReference; lastKnownFileType = image.png; path = "dotted-pattern@2x.png"; sourceTree = "<group>"; };
		84D60A2217B6F73A006F28AD /* inner-shadow.png */ = {isa = PBXFileReference; lastKnownFileType = image.png; path = "inner-shadow.png"; sourceTree = "<group>"; };
		84D60A2317B6F73A006F28AD /* paperclip.png */ = {isa = PBXFileReference; lastKnownFileType = image.png; path = paperclip.png; sourceTree = "<group>"; };
		84D60A2417B6F73A006F28AD /* paperclip@2x.png */ = {isa = PBXFileReference; lastKnownFileType = image.png; path = "paperclip@2x.png"; sourceTree = "<group>"; };
		84D60A2517B6F73A006F28AD /* person.png */ = {isa = PBXFileReference; lastKnownFileType = image.png; path = person.png; sourceTree = "<group>"; };
		84D60A2617B6F73A006F28AD /* person@2x.png */ = {isa = PBXFileReference; lastKnownFileType = image.png; path = "person@2x.png"; sourceTree = "<group>"; };
		84D60A2717B6F73A006F28AD /* reply.png */ = {isa = PBXFileReference; lastKnownFileType = image.png; path = reply.png; sourceTree = "<group>"; };
		84D60A2817B6F73A006F28AD /* reply@2x.png */ = {isa = PBXFileReference; lastKnownFileType = image.png; path = "reply@2x.png"; sourceTree = "<group>"; };
		84D60A2917B6F73A006F28AD /* retweet-outline-button-item.png */ = {isa = PBXFileReference; lastKnownFileType = image.png; path = "retweet-outline-button-item.png"; sourceTree = "<group>"; };
		84D60A2A17B6F73A006F28AD /* retweet-outline-button-item@2x.png */ = {isa = PBXFileReference; lastKnownFileType = image.png; path = "retweet-outline-button-item@2x.png"; sourceTree = "<group>"; };
		84D60A2B17B6F73A006F28AD /* star-hollow.png */ = {isa = PBXFileReference; lastKnownFileType = image.png; path = "star-hollow.png"; sourceTree = "<group>"; };
		84D60A2C17B6F73A006F28AD /* star-hollow@2x.png */ = {isa = PBXFileReference; lastKnownFileType = image.png; path = "star-hollow@2x.png"; sourceTree = "<group>"; };
		84D60A2D17B6F73A006F28AD /* MainWindow.xib */ = {isa = PBXFileReference; fileEncoding = 4; lastKnownFileType = file.xib; name = MainWindow.xib; path = ../MainWindow.xib; sourceTree = "<group>"; };
		84D60A2E17B6F73A006F28AD /* RootViewController.xib */ = {isa = PBXFileReference; fileEncoding = 4; lastKnownFileType = file.xib; name = RootViewController.xib; path = ../RootViewController.xib; sourceTree = "<group>"; };
		84D60A4617B6FFA3006F28AD /* cellbg1.png */ = {isa = PBXFileReference; lastKnownFileType = image.png; path = cellbg1.png; sourceTree = "<group>"; };
		CECB9A0117BD5D0C00DC0FE1 /* Default@2x-568h@2x.png */ = {isa = PBXFileReference; lastKnownFileType = image.png; path = "Default@2x-568h@2x.png"; sourceTree = "<group>"; };
/* End PBXFileReference section */

/* Begin PBXFrameworksBuildPhase section */
		84D609E917B6F6E4006F28AD /* Frameworks */ = {
			isa = PBXFrameworksBuildPhase;
			buildActionMask = 2147483647;
			files = (
				840CB66117BC14AB00B801D9 /* libz.1.1.3.dylib in Frameworks */,
				840CB65917BBF9AA00B801D9 /* Accounts.framework in Frameworks */,
				840CB65717BBF92C00B801D9 /* Foundation.framework in Frameworks */,
				840CB65517BBF92100B801D9 /* CoreGraphics.framework in Frameworks */,
				840CB65317BBF90F00B801D9 /* UIKit.framework in Frameworks */,
				840CB65117BBF8EB00B801D9 /* Social.framework in Frameworks */,
				840CB65F17BC12E400B801D9 /* libTestFlight.a in Frameworks */,
			);
			runOnlyForDeploymentPostprocessing = 0;
		};
/* End PBXFrameworksBuildPhase section */

/* Begin PBXGroup section */
		84D609E317B6F6E4006F28AD = {
			isa = PBXGroup;
			children = (
				CECB9A0117BD5D0C00DC0FE1 /* Default@2x-568h@2x.png */,
				840CB66017BC14AB00B801D9 /* libz.1.1.3.dylib */,
				84D609F517B6F6E4006F28AD /* Jibenet */,
				84D609EE17B6F6E4006F28AD /* Frameworks */,
				84D609ED17B6F6E4006F28AD /* Products */,
			);
			sourceTree = "<group>";
		};
		84D609ED17B6F6E4006F28AD /* Products */ = {
			isa = PBXGroup;
			children = (
				84D609EC17B6F6E4006F28AD /* Jibenet.app */,
			);
			name = Products;
			sourceTree = "<group>";
		};
		84D609EE17B6F6E4006F28AD /* Frameworks */ = {
			isa = PBXGroup;
			children = (
				840CB65817BBF9AA00B801D9 /* Accounts.framework */,
				840CB65617BBF92C00B801D9 /* Foundation.framework */,
				840CB65417BBF92100B801D9 /* CoreGraphics.framework */,
				840CB65217BBF90F00B801D9 /* UIKit.framework */,
				840CB65017BBF8EB00B801D9 /* Social.framework */,
			);
			name = Frameworks;
			sourceTree = "<group>";
		};
		84D609F517B6F6E4006F28AD /* Jibenet */ = {
			isa = PBXGroup;
			children = (
				84D60A1217B6F73A006F28AD /* Classes */,
				84D60A1B17B6F73A006F28AD /* Images */,
				84D609F617B6F6E4006F28AD /* Supporting Files */,
			);
			path = Jibenet;
			sourceTree = "<group>";
		};
		84D609F617B6F6E4006F28AD /* Supporting Files */ = {
			isa = PBXGroup;
			children = (
				84D609F717B6F6E4006F28AD /* Jibenet-Info.plist */,
				84D609F817B6F6E4006F28AD /* InfoPlist.strings */,
				84D609FB17B6F6E4006F28AD /* main.m */,
				84D609FD17B6F6E4006F28AD /* Jibenet-Prefix.pch */,
				84D60A0117B6F6E4006F28AD /* Default.png */,
				84D60A0317B6F6E4006F28AD /* Default@2x.png */,
				84D60A0517B6F6E4006F28AD /* Default-568h@2x.png */,
			);
			name = "Supporting Files";
			sourceTree = "<group>";
		};
		84D60A1217B6F73A006F28AD /* Classes */ = {
			isa = PBXGroup;
			children = (
				84062F1A17BEB4B7006D70FF /* RMEIdeasPullDownControl.h */,
				84062F1B17BEB4B7006D70FF /* RMEIdeasPullDownControl.m */,
				84062F1517BEB2FB006D70FF /* descriptionView.h */,
				84062F1617BEB2FB006D70FF /* descriptionView.m */,
				84062F1717BEB2FB006D70FF /* descriptionView.xib */,
				840CB65D17BC12E400B801D9 /* libTestFlight.a */,
				840CB65E17BC12E400B801D9 /* TestFlight.h */,
				84D60A1317B6F73A006F28AD /* RootViewController.h */,
				84D60A1417B6F73A006F28AD /* RootViewController.m */,
				84D60A2E17B6F73A006F28AD /* RootViewController.xib */,
				84D60A1517B6F73A006F28AD /* SideSwipeTableViewAppDelegate.h */,
				84D60A1617B6F73A006F28AD /* SideSwipeTableViewAppDelegate.m */,
				84D60A1717B6F73A006F28AD /* SideSwipeTableViewCell.h */,
				84D60A1817B6F73A006F28AD /* SideSwipeTableViewCell.m */,
				84D60A1917B6F73A006F28AD /* SideSwipeTableViewController.h */,
				84D60A1A17B6F73A006F28AD /* SideSwipeTableViewController.m */,
				84D609FE17B6F6E4006F28AD /* AppDelegate.h */,
				84D609FF17B6F6E4006F28AD /* AppDelegate.m */,
				84D60A2D17B6F73A006F28AD /* MainWindow.xib */,
				840CB64B17BBF8D300B801D9 /* twitter.h */,
				840CB64C17BBF8D300B801D9 /* twitter.m */,
				840CB64D17BBF8D300B801D9 /* twitter.xib */,
				840CB64617BBF86F00B801D9 /* Facebook.h */,
				840CB64717BBF86F00B801D9 /* Facebook.m */,
				840CB64817BBF87000B801D9 /* Facebook.xib */,
			);
			path = Classes;
			sourceTree = "<group>";
		};
		84D60A1B17B6F73A006F28AD /* Images */ = {
			isa = PBXGroup;
			children = (
				840CB66217BC167C00B801D9 /* Default@2x.png */,
				840CB66317BC167C00B801D9 /* jIcon.png */,
				84D60A4617B6FFA3006F28AD /* cellbg1.png */,
				84D60A1C17B6F73A006F28AD /* action.png */,
				840E700617BAFC8200929132 /* BIT_Top_Banner.png */,
				840E700717BAFC8200929132 /* BIT_Top_Banner@2x.png */,
				840E700817BAFC8200929132 /* HighLow.png */,
				840E700917BAFC8200929132 /* HighLow@2x.png */,
				840E700A17BAFC8200929132 /* HighLowSelected.png */,
				840E700B17BAFC8200929132 /* HighLowSelected@2x.png */,
				840E700C17BAFC8200929132 /* LowHigh@2x.png */,
				840E700D17BAFC8200929132 /* LowHighSelected.png */,
				840E700E17BAFC8200929132 /* LowHighSelected@2x.png */,
				840E700F17BAFC8200929132 /* LowHigh.png */,
				840E701017BAFC8200929132 /* NewOld.png */,
				840E701117BAFC8200929132 /* NewOld@2x.png */,
				840E701217BAFC8200929132 /* NewOldSelected.png */,
				840E701317BAFC8200929132 /* NewOldSelected@2x.png */,
				840E701417BAFC8200929132 /* OldNew.png */,
				840E701517BAFC8200929132 /* OldNew@2x.png */,
				840E701617BAFC8200929132 /* OldNewSelected.png */,
				840E701717BAFC8200929132 /* OldNewSelected@2x.png */,
				840E701817BAFC8200929132 /* SortAZ.png */,
				840E701917BAFC8200929132 /* SortAZ@2x.png */,
				840E701A17BAFC8200929132 /* SortAZSelected.png */,
				840E701B17BAFC8200929132 /* SortAZSelected@2x.png */,
				840E701C17BAFC8200929132 /* SortZA.png */,
				840E701D17BAFC8200929132 /* SortZA@2x.png */,
				840E701E17BAFC8200929132 /* SortZASelected.png */,
				840E701F17BAFC8200929132 /* SortZASelected@2x.png */,
				840E702017BAFC8200929132 /* CellDivider.png */,
				840E702117BAFC8200929132 /* CellDivider@2x.png */,
				84D60A1D17B6F73A006F28AD /* action@2x.png */,
				84D60A1E17B6F73A006F28AD /* cellbg.jpg */,
				84D60A1F17B6F73A006F28AD /* d2.jpg */,
				84D60A2017B6F73A006F28AD /* dotted-pattern.png */,
				84D60A2117B6F73A006F28AD /* dotted-pattern@2x.png */,
				84D60A2217B6F73A006F28AD /* inner-shadow.png */,
				84D60A2317B6F73A006F28AD /* paperclip.png */,
				84D60A2417B6F73A006F28AD /* paperclip@2x.png */,
				84D60A2517B6F73A006F28AD /* person.png */,
				84D60A2617B6F73A006F28AD /* person@2x.png */,
				84D60A2717B6F73A006F28AD /* reply.png */,
				84D60A2817B6F73A006F28AD /* reply@2x.png */,
				84D60A2917B6F73A006F28AD /* retweet-outline-button-item.png */,
				84D60A2A17B6F73A006F28AD /* retweet-outline-button-item@2x.png */,
				84D60A2B17B6F73A006F28AD /* star-hollow.png */,
				84D60A2C17B6F73A006F28AD /* star-hollow@2x.png */,
			);
			path = Images;
			sourceTree = "<group>";
		};
/* End PBXGroup section */

/* Begin PBXNativeTarget section */
		84D609EB17B6F6E4006F28AD /* Jibenet */ = {
			isa = PBXNativeTarget;
			buildConfigurationList = 84D60A0F17B6F6E4006F28AD /* Build configuration list for PBXNativeTarget "Jibenet" */;
			buildPhases = (
				84D609E817B6F6E4006F28AD /* Sources */,
				84D609E917B6F6E4006F28AD /* Frameworks */,
				84D609EA17B6F6E4006F28AD /* Resources */,
			);
			buildRules = (
			);
			dependencies = (
			);
			name = Jibenet;
			productName = Jibenet;
			productReference = 84D609EC17B6F6E4006F28AD /* Jibenet.app */;
			productType = "com.apple.product-type.application";
		};
/* End PBXNativeTarget section */

/* Begin PBXProject section */
		84D609E417B6F6E4006F28AD /* Project object */ = {
			isa = PBXProject;
			attributes = {
				LastUpgradeCheck = 0460;
				ORGANIZATIONNAME = admin;
			};
			buildConfigurationList = 84D609E717B6F6E4006F28AD /* Build configuration list for PBXProject "Jibenet" */;
			compatibilityVersion = "Xcode 3.2";
			developmentRegion = English;
			hasScannedForEncodings = 0;
			knownRegions = (
				en,
			);
			mainGroup = 84D609E317B6F6E4006F28AD;
			productRefGroup = 84D609ED17B6F6E4006F28AD /* Products */;
			projectDirPath = "";
			projectRoot = "";
			targets = (
				84D609EB17B6F6E4006F28AD /* Jibenet */,
			);
		};
/* End PBXProject section */

/* Begin PBXResourcesBuildPhase section */
		84D609EA17B6F6E4006F28AD /* Resources */ = {
			isa = PBXResourcesBuildPhase;
			buildActionMask = 2147483647;
			files = (
				84D609FA17B6F6E4006F28AD /* InfoPlist.strings in Resources */,
				84D60A0217B6F6E4006F28AD /* Default.png in Resources */,
				84D60A0417B6F6E4006F28AD /* Default@2x.png in Resources */,
				84D60A0617B6F6E4006F28AD /* Default-568h@2x.png in Resources */,
				84D60A3317B6F73A006F28AD /* action.png in Resources */,
				84D60A3417B6F73A006F28AD /* action@2x.png in Resources */,
				84D60A3517B6F73A006F28AD /* cellbg.jpg in Resources */,
				84D60A3617B6F73A006F28AD /* d2.jpg in Resources */,
				84D60A3717B6F73A006F28AD /* dotted-pattern.png in Resources */,
				84D60A3817B6F73A006F28AD /* dotted-pattern@2x.png in Resources */,
				84D60A3917B6F73A006F28AD /* inner-shadow.png in Resources */,
				84D60A3A17B6F73A006F28AD /* paperclip.png in Resources */,
				84D60A3B17B6F73A006F28AD /* paperclip@2x.png in Resources */,
				84D60A3C17B6F73A006F28AD /* person.png in Resources */,
				84D60A3D17B6F73A006F28AD /* person@2x.png in Resources */,
				84D60A3E17B6F73A006F28AD /* reply.png in Resources */,
				84D60A3F17B6F73A006F28AD /* reply@2x.png in Resources */,
				84D60A4017B6F73A006F28AD /* retweet-outline-button-item.png in Resources */,
				84D60A4117B6F73A006F28AD /* retweet-outline-button-item@2x.png in Resources */,
				84D60A4217B6F73A006F28AD /* star-hollow.png in Resources */,
				84D60A4317B6F73A006F28AD /* star-hollow@2x.png in Resources */,
				84D60A4417B6F73A006F28AD /* MainWindow.xib in Resources */,
				84D60A4517B6F73A006F28AD /* RootViewController.xib in Resources */,
				84D60A4717B6FFA3006F28AD /* cellbg1.png in Resources */,
				840E702217BAFC8200929132 /* BIT_Top_Banner.png in Resources */,
				840E702317BAFC8200929132 /* BIT_Top_Banner@2x.png in Resources */,
				840E702417BAFC8200929132 /* HighLow.png in Resources */,
				840E702517BAFC8200929132 /* HighLow@2x.png in Resources */,
				840E702617BAFC8200929132 /* HighLowSelected.png in Resources */,
				840E702717BAFC8200929132 /* HighLowSelected@2x.png in Resources */,
				840E702817BAFC8200929132 /* LowHigh@2x.png in Resources */,
				840E702917BAFC8200929132 /* LowHighSelected.png in Resources */,
				840E702A17BAFC8200929132 /* LowHighSelected@2x.png in Resources */,
				840E702B17BAFC8200929132 /* LowHigh.png in Resources */,
				840E702C17BAFC8200929132 /* NewOld.png in Resources */,
				840E702D17BAFC8200929132 /* NewOld@2x.png in Resources */,
				840E702E17BAFC8200929132 /* NewOldSelected.png in Resources */,
				840E702F17BAFC8200929132 /* NewOldSelected@2x.png in Resources */,
				840E703017BAFC8200929132 /* OldNew.png in Resources */,
				840E703117BAFC8200929132 /* OldNew@2x.png in Resources */,
				840E703217BAFC8200929132 /* OldNewSelected.png in Resources */,
				840E703317BAFC8200929132 /* OldNewSelected@2x.png in Resources */,
				840E703417BAFC8200929132 /* SortAZ.png in Resources */,
				840E703517BAFC8200929132 /* SortAZ@2x.png in Resources */,
				840E703617BAFC8200929132 /* SortAZSelected.png in Resources */,
				840E703717BAFC8200929132 /* SortAZSelected@2x.png in Resources */,
				840E703817BAFC8200929132 /* SortZA.png in Resources */,
				840E703917BAFC8200929132 /* SortZA@2x.png in Resources */,
				840E703A17BAFC8200929132 /* SortZASelected.png in Resources */,
				840E703B17BAFC8200929132 /* SortZASelected@2x.png in Resources */,
				840E703C17BAFC8200929132 /* CellDivider.png in Resources */,
				840E703D17BAFC8200929132 /* CellDivider@2x.png in Resources */,
				840CB64A17BBF87000B801D9 /* Facebook.xib in Resources */,
				840CB64F17BBF8D300B801D9 /* twitter.xib in Resources */,
				840CB66417BC167C00B801D9 /* Default@2x.png in Resources */,
				840CB66517BC167C00B801D9 /* jIcon.png in Resources */,
				CECB9A0217BD5D0C00DC0FE1 /* Default@2x-568h@2x.png in Resources */,
				84062F1917BEB2FB006D70FF /* descriptionView.xib in Resources */,
			);
			runOnlyForDeploymentPostprocessing = 0;
		};
/* End PBXResourcesBuildPhase section */

/* Begin PBXSourcesBuildPhase section */
		84D609E817B6F6E4006F28AD /* Sources */ = {
			isa = PBXSourcesBuildPhase;
			buildActionMask = 2147483647;
			files = (
				84D609FC17B6F6E4006F28AD /* main.m in Sources */,
				84D60A0017B6F6E4006F28AD /* AppDelegate.m in Sources */,
				84D60A2F17B6F73A006F28AD /* RootViewController.m in Sources */,
				84D60A3017B6F73A006F28AD /* SideSwipeTableViewAppDelegate.m in Sources */,
				84D60A3117B6F73A006F28AD /* SideSwipeTableViewCell.m in Sources */,
				84D60A3217B6F73A006F28AD /* SideSwipeTableViewController.m in Sources */,
				840CB64917BBF87000B801D9 /* Facebook.m in Sources */,
				840CB64E17BBF8D300B801D9 /* twitter.m in Sources */,
				84062F1817BEB2FB006D70FF /* descriptionView.m in Sources */,
				84062F1C17BEB4B7006D70FF /* RMEIdeasPullDownControl.m in Sources */,
			);
			runOnlyForDeploymentPostprocessing = 0;
		};
/* End PBXSourcesBuildPhase section */

/* Begin PBXVariantGroup section */
		84D609F817B6F6E4006F28AD /* InfoPlist.strings */ = {
			isa = PBXVariantGroup;
			children = (
				84D609F917B6F6E4006F28AD /* en */,
			);
			name = InfoPlist.strings;
			sourceTree = "<group>";
		};
/* End PBXVariantGroup section */

/* Begin XCBuildConfiguration section */
		84D60A0D17B6F6E4006F28AD /* Debug */ = {
			isa = XCBuildConfiguration;
			buildSettings = {
				ALWAYS_SEARCH_USER_PATHS = NO;
				CLANG_CXX_LANGUAGE_STANDARD = "gnu++0x";
				CLANG_CXX_LIBRARY = "libc++";
				CLANG_ENABLE_OBJC_ARC = YES;
				CLANG_WARN_CONSTANT_CONVERSION = YES;
				CLANG_WARN_EMPTY_BODY = YES;
				CLANG_WARN_ENUM_CONVERSION = YES;
				CLANG_WARN_INT_CONVERSION = YES;
				CLANG_WARN__DUPLICATE_METHOD_MATCH = YES;
				CODE_SIGN_IDENTITY = "iPhone Developer: charanjit singh (XS85S89FTL)";
				"CODE_SIGN_IDENTITY[sdk=iphoneos*]" = "iPhone Developer";
				COPY_PHASE_STRIP = NO;
				GCC_C_LANGUAGE_STANDARD = gnu99;
				GCC_DYNAMIC_NO_PIC = NO;
				GCC_OPTIMIZATION_LEVEL = 0;
				GCC_PREPROCESSOR_DEFINITIONS = (
					"DEBUG=1",
					"$(inherited)",
				);
				GCC_SYMBOLS_PRIVATE_EXTERN = NO;
				GCC_WARN_ABOUT_RETURN_TYPE = YES;
				GCC_WARN_UNINITIALIZED_AUTOS = YES;
				GCC_WARN_UNUSED_VARIABLE = YES;
				IPHONEOS_DEPLOYMENT_TARGET = 6.1;
				ONLY_ACTIVE_ARCH = YES;
				PROVISIONING_PROFILE = "522A2431-6CF3-454E-BA2A-7CD642AB853B";
				SDKROOT = iphoneos;
			};
			name = Debug;
		};
		84D60A0E17B6F6E4006F28AD /* Release */ = {
			isa = XCBuildConfiguration;
			buildSettings = {
				ALWAYS_SEARCH_USER_PATHS = NO;
				CLANG_CXX_LANGUAGE_STANDARD = "gnu++0x";
				CLANG_CXX_LIBRARY = "libc++";
				CLANG_ENABLE_OBJC_ARC = YES;
				CLANG_WARN_CONSTANT_CONVERSION = YES;
				CLANG_WARN_EMPTY_BODY = YES;
				CLANG_WARN_ENUM_CONVERSION = YES;
				CLANG_WARN_INT_CONVERSION = YES;
				CLANG_WARN__DUPLICATE_METHOD_MATCH = YES;
				CODE_SIGN_IDENTITY = "iPhone Developer: charanjit singh (XS85S89FTL)";
				"CODE_SIGN_IDENTITY[sdk=*]" = "iPhone Developer: charanjit singh (XS85S89FTL)";
				"CODE_SIGN_IDENTITY[sdk=iphoneos*]" = "iPhone Developer";
				COPY_PHASE_STRIP = YES;
				GCC_C_LANGUAGE_STANDARD = gnu99;
				GCC_WARN_ABOUT_RETURN_TYPE = YES;
				GCC_WARN_UNINITIALIZED_AUTOS = YES;
				GCC_WARN_UNUSED_VARIABLE = YES;
				IPHONEOS_DEPLOYMENT_TARGET = 6.1;
				OTHER_CFLAGS = "-DNS_BLOCK_ASSERTIONS=1";
				PROVISIONING_PROFILE = "522A2431-6CF3-454E-BA2A-7CD642AB853B";
				"PROVISIONING_PROFILE[sdk=*]" = "522A2431-6CF3-454E-BA2A-7CD642AB853B";
				SDKROOT = iphoneos;
				VALIDATE_PRODUCT = YES;
			};
			name = Release;
		};
		84D60A1017B6F6E4006F28AD /* Debug */ = {
			isa = XCBuildConfiguration;
			buildSettings = {
				FRAMEWORK_SEARCH_PATHS = (
					"$(inherited)",
					"\"$(SYSTEM_APPS_DIR)/Xcode.app/Contents/Developer/Library/Frameworks\"",
				);
				GCC_PRECOMPILE_PREFIX_HEADER = YES;
				GCC_PREFIX_HEADER = "Jibenet/Jibenet-Prefix.pch";
				INFOPLIST_FILE = "Jibenet/Jibenet-Info.plist";
				LIBRARY_SEARCH_PATHS = (
					"$(inherited)",
					"\"$(SRCROOT)/Jibenet/Classes\"",
				);
				PRODUCT_NAME = "$(TARGET_NAME)";
				WRAPPER_EXTENSION = app;
			};
			name = Debug;
		};
		84D60A1117B6F6E4006F28AD /* Release */ = {
			isa = XCBuildConfiguration;
			buildSettings = {
				FRAMEWORK_SEARCH_PATHS = (
					"$(inherited)",
					"\"$(SYSTEM_APPS_DIR)/Xcode.app/Contents/Developer/Library/Frameworks\"",
				);
				GCC_PRECOMPILE_PREFIX_HEADER = YES;
				GCC_PREFIX_HEADER = "Jibenet/Jibenet-Prefix.pch";
				INFOPLIST_FILE = "Jibenet/Jibenet-Info.plist";
				LIBRARY_SEARCH_PATHS = (
					"$(inherited)",
					"\"$(SRCROOT)/Jibenet/Classes\"",
				);
				PRODUCT_NAME = "$(TARGET_NAME)";
				WRAPPER_EXTENSION = app;
			};
			name = Release;
		};
/* End XCBuildConfiguration section */

/* Begin XCConfigurationList section */
		84D609E717B6F6E4006F28AD /* Build configuration list for PBXProject "Jibenet" */ = {
			isa = XCConfigurationList;
			buildConfigurations = (
				84D60A0D17B6F6E4006F28AD /* Debug */,
				84D60A0E17B6F6E4006F28AD /* Release */,
			);
			defaultConfigurationIsVisible = 0;
			defaultConfigurationName = Release;
		};
		84D60A0F17B6F6E4006F28AD /* Build configuration list for PBXNativeTarget "Jibenet" */ = {
			isa = XCConfigurationList;
			buildConfigurations = (
				84D60A1017B6F6E4006F28AD /* Debug */,
				84D60A1117B6F6E4006F28AD /* Release */,
			);
			defaultConfigurationIsVisible = 0;
			defaultConfigurationName = Release;
		};
/* End XCConfigurationList section */
	};
	rootObject = 84D609E417B6F6E4006F28AD /* Project object */;
}
